{
  "name": "pathify",
  "version": "0.0.1",
  "lockfileVersion": 3,
  "requires": true,
  "packages": {
    "": {
      "name": "pathify",
      "version": "0.0.1",
      "license": "MPL-2.0",
      "dependencies": {
        "pathabs": "github:voidvoxel/pathabs#v1.0.0"
      }
    },
    "node_modules/pathabs": {
      "version": "1.0.0",
      "resolved": "git+ssh://git@github.com/voidvoxel/pathabs.git#164bd35e5c9983af06363c0f39ba3eb997c31b44",
      "license": "MPL-2.0"
    }
  }
}
